# THIS IS AN AUTOGENERATED FILE. DO NOT EDIT THIS FILE DIRECTLY.
# yarn lockfile v1


"@handsontable/formulajs@^2.0.2":
  "integrity" "sha512-maIyMJtYjA5e/R9nyA22Qd7Yw73MBSxClJvle0a8XWAS/5l6shc/OFpQqrmwMy4IXUCmywJ9ER0gOGz/YA720w=="
  "resolved" "https://registry.npmjs.org/@handsontable/formulajs/-/formulajs-2.0.2.tgz"
  "version" "2.0.2"
  dependencies:
    "bessel" "^1.0.2"
    "jstat" "^1.9.2"

"atob@^2.1.0":
  "integrity" "sha512-SuiKH8vbsOyCALjA/+EINmt/Kdl+TQPrtFgW7XZZcwtryFu9e5kQoX3bjCW6mIvGH1fbeAZZuvwGR5IlBRznGw=="
  "resolved" "https://registry.npmjs.org/atob/-/atob-2.1.0.tgz"
  "version" "2.1.0"

"bessel@^1.0.2":
  "integrity" "sha512-Al3nHGQGqDYqqinXhQzmwmcRToe/3WyBv4N8aZc5Pef8xw2neZlR9VPi84Sa23JtgWcucu18HxVZrnI0fn2etw=="
  "resolved" "https://registry.npmjs.org/bessel/-/bessel-1.0.2.tgz"
  "version" "1.0.2"

"hot-formula-parser@^4.0.0":
  "integrity" "sha512-diG1UvuQ3HxtfezVUIpvndk/bVkqZJ9Rfv10MdVF7pJEj8P2Jd4iCZSMJCN3lDhnLegaVlfSYSA6+szYNFQUKg=="
  "resolved" "https://registry.npmjs.org/hot-formula-parser/-/hot-formula-parser-4.0.0.tgz"
  "version" "4.0.0"
  dependencies:
    "@handsontable/formulajs" "^2.0.2"
    "tiny-emitter" "^2.1.0"

"jstat@^1.9.2":
  "integrity" "sha512-cWnp4vObF5GmB2XsIEzxI/1ZTcYlcfNqxQ/9Fp5KFUa0Jf/4tO0ZkGVnqoEHDisJvYgvn5n3eWZbd2xTVJJPUQ=="
  "resolved" "https://registry.npmjs.org/jstat/-/jstat-1.9.5.tgz"
  "version" "1.9.5"

"lodash@^4.17.19":
  "integrity" "sha512-v2kDEe57lecTulaDIuNTPy3Ry4gLGJ6Z1O3vE1krgXZNrsQ+LFTGHVxVjcXPs17LhbZVGedAJv8XZ1tvj5FvSg=="
  "resolved" "https://registry.npmjs.org/lodash/-/lodash-4.17.21.tgz"
  "version" "4.17.21"

"tiny-emitter@^2.1.0":
  "integrity" "sha512-NB6Dk1A9xgQPMoGqC5CVXn123gWyte215ONT5Pp5a0yt4nlEoO1ZWeCwpncaekPHXO60i47ihFnZPiRPjRMq4Q=="
  "resolved" "https://registry.npmjs.org/tiny-emitter/-/tiny-emitter-2.1.0.tgz"
  "version" "2.1.0"
