# THIS IS AN AUTOGENERATED FILE. DO NOT EDIT THIS FILE DIRECTLY.
# yarn lockfile v1


"@handsontable/formulajs@^2.0.2":
  version "2.0.2"
  resolved "https://registry.npmjs.org/@handsontable/formulajs/-/formulajs-2.0.2.tgz"
  dependencies:
    bessel "^1.0.2"
    jstat "^1.9.2"

atob@^2.1.2:
  version "2.1.2"
  resolved "https://registry.yarnpkg.com/atob/-/atob-2.1.2.tgz#6d9517eb9e030d2436666651e86bd9f6f13533c9"

bessel@^1.0.2:
  version "1.0.2"
  resolved "https://registry.npmjs.org/bessel/-/bessel-1.0.2.tgz"

hot-formula-parser@^4.0.0:
  version "4.0.0"
  resolved "https://registry.npmjs.org/hot-formula-parser/-/hot-formula-parser-4.0.0.tgz"
  dependencies:
    "@handsontable/formulajs" "^2.0.2"
    tiny-emitter "^2.1.0"

jstat@^1.9.2:
  version "1.9.5"
  resolved "https://registry.npmjs.org/jstat/-/jstat-1.9.5.tgz"

lodash@^4.17.16:
  version "4.17.21"
  resolved "https://registry.yarnpkg.com/lodash/-/lodash-4.17.21.tgz#679591c564c3bffaae8454cf0b3df370c3d6911c"

tiny-emitter@^2.1.0:
  version "2.1.0"
  resolved "https://registry.npmjs.org/tiny-emitter/-/tiny-emitter-2.1.0.tgz"
